
Microsoft Visual Studio Solution File, Format Version 12.00
# Visual Studio Version 17
VisualStudioVersion = 17.3.32901.215
MinimumVisualStudioVersion = 10.0.40219.1
Project("{FAE04EC0-301F-11D3-BF4B-00C04F79EFBC}") = "FXExchangeTool", "FXExchangeTool\FXExchangeTool.csproj", "{A28E07CB-3C52-43D0-BAD0-E7A5A31E3E0B}"
EndProject
Project("{FAE04EC0-301F-11D3-BF4B-00C04F79EFBC}") = "FXExchangeTool.DataAccess", "DataAccess\FXExchangeTool.DataAccess.csproj", "{F37D1676-918B-486F-BC09-EDA0D1762682}"
EndProject
Project("{FAE04EC0-301F-11D3-BF4B-00C04F79EFBC}") = "FXExchangeTool.BusinessLogic", "BusinessLogic\FXExchangeTool.BusinessLogic.csproj", "{C5ED049D-C737-4311-933A-444183D6C46C}"
EndProject
Project("{FAE04EC0-301F-11D3-BF4B-00C04F79EFBC}") = "FXExchangeTool.Tests", "FXExchangeTool.Tests\FXExchangeTool.Tests.csproj", "{4039DB77-EF73-4E3F-9217-E8DDB36F762D}"
EndProject
Global
	GlobalSection(SolutionConfigurationPlatforms) = preSolution
		Debug|Any CPU = Debug|Any CPU
		Release|Any CPU = Release|Any CPU
	EndGlobalSection
	GlobalSection(ProjectConfigurationPlatforms) = postSolution
		{A28E07CB-3C52-43D0-BAD0-E7A5A31E3E0B}.Debug|Any CPU.ActiveCfg = Debug|Any CPU
		{A28E07CB-3C52-43D0-BAD0-E7A5A31E3E0B}.Debug|Any CPU.Build.0 = Debug|Any CPU
		{A28E07CB-3C52-43D0-BAD0-E7A5A31E3E0B}.Release|Any CPU.ActiveCfg = Release|Any CPU
		{A28E07CB-3C52-43D0-BAD0-E7A5A31E3E0B}.Release|Any CPU.Build.0 = Release|Any CPU
		{F37D1676-918B-486F-BC09-EDA0D1762682}.Debug|Any CPU.ActiveCfg = Debug|Any CPU
		{F37D1676-918B-486F-BC09-EDA0D1762682}.Debug|Any CPU.Build.0 = Debug|Any CPU
		{F37D1676-918B-486F-BC09-EDA0D1762682}.Release|Any CPU.ActiveCfg = Release|Any CPU
		{F37D1676-918B-486F-BC09-EDA0D1762682}.Release|Any CPU.Build.0 = Release|Any CPU
		{C5ED049D-C737-4311-933A-444183D6C46C}.Debug|Any CPU.ActiveCfg = Debug|Any CPU
		{C5ED049D-C737-4311-933A-444183D6C46C}.Debug|Any CPU.Build.0 = Debug|Any CPU
		{C5ED049D-C737-4311-933A-444183D6C46C}.Release|Any CPU.ActiveCfg = Release|Any CPU
		{C5ED049D-C737-4311-933A-444183D6C46C}.Release|Any CPU.Build.0 = Release|Any CPU
		{4039DB77-EF73-4E3F-9217-E8DDB36F762D}.Debug|Any CPU.ActiveCfg = Debug|Any CPU
		{4039DB77-EF73-4E3F-9217-E8DDB36F762D}.Debug|Any CPU.Build.0 = Debug|Any CPU
		{4039DB77-EF73-4E3F-9217-E8DDB36F762D}.Release|Any CPU.ActiveCfg = Release|Any CPU
		{4039DB77-EF73-4E3F-9217-E8DDB36F762D}.Release|Any CPU.Build.0 = Release|Any CPU
	EndGlobalSection
	GlobalSection(SolutionProperties) = preSolution
		HideSolutionNode = FALSE
	EndGlobalSection
	GlobalSection(ExtensibilityGlobals) = postSolution
		SolutionGuid = {14073AE7-AAC6-4FF0-8773-E09854DBF43B}
	EndGlobalSection
EndGlobal
